
Microsoft Visual Studio Solution File, Format Version 12.00
# Visual Studio Version 16
VisualStudioVersion = 16.0.31424.327
MinimumVisualStudioVersion = 10.0.40219.1
Project("{FAE04EC0-301F-11D3-BF4B-00C04F79EFBC}") = "NordTheme", "NordTheme\NordTheme.csproj", "{06CFFE32-03D8-4B03-83E8-658C545D9C48}"
EndProject
Project("{2150E333-8FDC-42A3-9474-1A3956D46DE8}") = "Libraries", "Libraries", "{98820179-A724-40D8-B36F-602C21442451}"
	ProjectSection(SolutionItems) = preProject
		Libraries\Microsoft.VisualStudio.Pkgdef.dll = Libraries\Microsoft.VisualStudio.Pkgdef.dll
	EndProjectSection
EndProject
Global
	GlobalSection(SolutionConfigurationPlatforms) = preSolution
		Debug|Any CPU = Debug|Any CPU
		Debug|x86 = Debug|x86
		Release|Any CPU = Release|Any CPU
		Release|x86 = Release|x86
	EndGlobalSection
	GlobalSection(ProjectConfigurationPlatforms) = postSolution
		{06CFFE32-03D8-4B03-83E8-658C545D9C48}.Debug|Any CPU.ActiveCfg = Debug|Any CPU
		{06CFFE32-03D8-4B03-83E8-658C545D9C48}.Debug|Any CPU.Build.0 = Debug|Any CPU
		{06CFFE32-03D8-4B03-83E8-658C545D9C48}.Debug|x86.ActiveCfg = Debug|x86
		{06CFFE32-03D8-4B03-83E8-658C545D9C48}.Debug|x86.Build.0 = Debug|x86
		{06CFFE32-03D8-4B03-83E8-658C545D9C48}.Release|Any CPU.ActiveCfg = Release|Any CPU
		{06CFFE32-03D8-4B03-83E8-658C545D9C48}.Release|Any CPU.Build.0 = Release|Any CPU
		{06CFFE32-03D8-4B03-83E8-658C545D9C48}.Release|x86.ActiveCfg = Release|x86
		{06CFFE32-03D8-4B03-83E8-658C545D9C48}.Release|x86.Build.0 = Release|x86
	EndGlobalSection
	GlobalSection(SolutionProperties) = preSolution
		HideSolutionNode = FALSE
	EndGlobalSection
	GlobalSection(ExtensibilityGlobals) = postSolution
		SolutionGuid = {8216D4E7-1C23-46E3-9630-32826E2A09AD}
	EndGlobalSection
EndGlobal
